// !$*UTF8*$!
{
	archiveVersion = 1;
	classes = {
	};
	objectVersion = 55;
	objects = {

/* Begin PBXBuildFile section */
		90B1D2FE282BF71400A4EB12 /* WelcomeViewController.swift in Sources */ = {isa = PBXBuildFile; fileRef = 90B1D2FD282BF71400A4EB12 /* WelcomeViewController.swift */; };
		90EA431A2825860000178346 /* AppDelegate.swift in Sources */ = {isa = PBXBuildFile; fileRef = 90EA43192825860000178346 /* AppDelegate.swift */; };
		90EA431C2825860000178346 /* SceneDelegate.swift in Sources */ = {isa = PBXBuildFile; fileRef = 90EA431B2825860000178346 /* SceneDelegate.swift */; };
		90EA431E2825860000178346 /* LogInViewController.swift in Sources */ = {isa = PBXBuildFile; fileRef = 90EA431D2825860000178346 /* LogInViewController.swift */; };
		90EA43212825860000178346 /* Main.storyboard in Resources */ = {isa = PBXBuildFile; fileRef = 90EA431F2825860000178346 /* Main.storyboard */; };
		90EA43232825860100178346 /* Assets.xcassets in Resources */ = {isa = PBXBuildFile; fileRef = 90EA43222825860100178346 /* Assets.xcassets */; };
		90EA43262825860100178346 /* LaunchScreen.storyboard in Resources */ = {isa = PBXBuildFile; fileRef = 90EA43242825860100178346 /* LaunchScreen.storyboard */; };
/* End PBXBuildFile section */

/* Begin PBXFileReference section */
		90B1D2FD282BF71400A4EB12 /* WelcomeViewController.swift */ = {isa = PBXFileReference; lastKnownFileType = sourcecode.swift; path = WelcomeViewController.swift; sourceTree = "<group>"; };
		90EA43162825860000178346 /* Data-Project.app */ = {isa = PBXFileReference; explicitFileType = wrapper.application; includeInIndex = 0; path = "Data-Project.app"; sourceTree = BUILT_PRODUCTS_DIR; };
		90EA43192825860000178346 /* AppDelegate.swift */ = {isa = PBXFileReference; lastKnownFileType = sourcecode.swift; path = AppDelegate.swift; sourceTree = "<group>"; };
		90EA431B2825860000178346 /* SceneDelegate.swift */ = {isa = PBXFileReference; lastKnownFileType = sourcecode.swift; path = SceneDelegate.swift; sourceTree = "<group>"; };
		90EA431D2825860000178346 /* LogInViewController.swift */ = {isa = PBXFileReference; lastKnownFileType = sourcecode.swift; path = LogInViewController.swift; sourceTree = "<group>"; };
		90EA43202825860000178346 /* Base */ = {isa = PBXFileReference; lastKnownFileType = file.storyboard; name = Base; path = Base.lproj/Main.storyboard; sourceTree = "<group>"; };
		90EA43222825860100178346 /* Assets.xcassets */ = {isa = PBXFileReference; lastKnownFileType = folder.assetcatalog; path = Assets.xcassets; sourceTree = "<group>"; };
		90EA43252825860100178346 /* Base */ = {isa = PBXFileReference; lastKnownFileType = file.storyboard; name = Base; path = Base.lproj/LaunchScreen.storyboard; sourceTree = "<group>"; };
		90EA43272825860100178346 /* Info.plist */ = {isa = PBXFileReference; lastKnownFileType = text.plist.xml; path = Info.plist; sourceTree = "<group>"; };
/* End PBXFileReference section */

/* Begin PBXFrameworksBuildPhase section */
		90EA43132825860000178346 /* Frameworks */ = {
			isa = PBXFrameworksBuildPhase;
			buildActionMask = 2147483647;
			files = (
			);
			runOnlyForDeploymentPostprocessing = 0;
		};
/* End PBXFrameworksBuildPhase section */

/* Begin PBXGroup section */
		9023A64328318F95009FB2C5 /* Screens */ = {
			isa = PBXGroup;
			children = (
				9023A64428318FB1009FB2C5 /* LogIn */,
				9023A64528318FBB009FB2C5 /* Welcome */,
			);
			path = Screens;
			sourceTree = "<group>";
		};
		9023A64428318FB1009FB2C5 /* LogIn */ = {
			isa = PBXGroup;
			children = (
				9023A64728318FCA009FB2C5 /* View */,
			);
			path = LogIn;
			sourceTree = "<group>";
		};
		9023A64528318FBB009FB2C5 /* Welcome */ = {
			isa = PBXGroup;
			children = (
				9023A64628318FC1009FB2C5 /* View */,
			);
			path = Welcome;
			sourceTree = "<group>";
		};
		9023A64628318FC1009FB2C5 /* View */ = {
			isa = PBXGroup;
			children = (
				90B1D2FD282BF71400A4EB12 /* WelcomeViewController.swift */,
			);
			path = View;
			sourceTree = "<group>";
		};
		9023A64728318FCA009FB2C5 /* View */ = {
			isa = PBXGroup;
			children = (
				90EA431D2825860000178346 /* LogInViewController.swift */,
			);
			path = View;
			sourceTree = "<group>";
		};
		90EA430D2825860000178346 = {
			isa = PBXGroup;
			children = (
				90EA43182825860000178346 /* Data-Project */,
				90EA43172825860000178346 /* Products */,
			);
			sourceTree = "<group>";
		};
		90EA43172825860000178346 /* Products */ = {
			isa = PBXGroup;
			children = (
				90EA43162825860000178346 /* Data-Project.app */,
			);
			name = Products;
			sourceTree = "<group>";
		};
		90EA43182825860000178346 /* Data-Project */ = {
			isa = PBXGroup;
			children = (
				9023A64328318F95009FB2C5 /* Screens */,
				90EA43192825860000178346 /* AppDelegate.swift */,
				90EA431B2825860000178346 /* SceneDelegate.swift */,
				90EA431F2825860000178346 /* Main.storyboard */,
				90EA43222825860100178346 /* Assets.xcassets */,
				90EA43242825860100178346 /* LaunchScreen.storyboard */,
				90EA43272825860100178346 /* Info.plist */,
			);
			path = "Data-Project";
			sourceTree = "<group>";
		};
/* End PBXGroup section */

/* Begin PBXNativeTarget section */
		90EA43152825860000178346 /* Data-Project */ = {
			isa = PBXNativeTarget;
			buildConfigurationList = 90EA432A2825860100178346 /* Build configuration list for PBXNativeTarget "Data-Project" */;
			buildPhases = (
				90EA43122825860000178346 /* Sources */,
				90EA43132825860000178346 /* Frameworks */,
				90EA43142825860000178346 /* Resources */,
			);
			buildRules = (
			);
			dependencies = (
			);
			name = "Data-Project";
			productName = "Data-Project";
			productReference = 90EA43162825860000178346 /* Data-Project.app */;
			productType = "com.apple.product-type.application";
		};
/* End PBXNativeTarget section */

/* Begin PBXProject section */
		90EA430E2825860000178346 /* Project object */ = {
			isa = PBXProject;
			attributes = {
				BuildIndependentTargetsInParallel = 1;
				LastSwiftUpdateCheck = 1330;
				LastUpgradeCheck = 1330;
				TargetAttributes = {
					90EA43152825860000178346 = {
						CreatedOnToolsVersion = 13.3.1;
					};
				};
			};
			buildConfigurationList = 90EA43112825860000178346 /* Build configuration list for PBXProject "Data-Project" */;
			compatibilityVersion = "Xcode 13.0";
			developmentRegion = en;
			hasScannedForEncodings = 0;
			knownRegions = (
				en,
				Base,
			);
			mainGroup = 90EA430D2825860000178346;
			productRefGroup = 90EA43172825860000178346 /* Products */;
			projectDirPath = "";
			projectRoot = "";
			targets = (
				90EA43152825860000178346 /* Data-Project */,
			);
		};
/* End PBXProject section */

/* Begin PBXResourcesBuildPhase section */
		90EA43142825860000178346 /* Resources */ = {
			isa = PBXResourcesBuildPhase;
			buildActionMask = 2147483647;
			files = (
				90EA43262825860100178346 /* LaunchScreen.storyboard in Resources */,
				90EA43232825860100178346 /* Assets.xcassets in Resources */,
				90EA43212825860000178346 /* Main.storyboard in Resources */,
			);
			runOnlyForDeploymentPostprocessing = 0;
		};
/* End PBXResourcesBuildPhase section */

/* Begin PBXSourcesBuildPhase section */
		90EA43122825860000178346 /* Sources */ = {
			isa = PBXSourcesBuildPhase;
			buildActionMask = 2147483647;
			files = (
				90B1D2FE282BF71400A4EB12 /* WelcomeViewController.swift in Sources */,
				90EA431E2825860000178346 /* LogInViewController.swift in Sources */,
				90EA431A2825860000178346 /* AppDelegate.swift in Sources */,
				90EA431C2825860000178346 /* SceneDelegate.swift in Sources */,
			);
			runOnlyForDeploymentPostprocessing = 0;
		};
/* End PBXSourcesBuildPhase section */

/* Begin PBXVariantGroup section */
		90EA431F2825860000178346 /* Main.storyboard */ = {
			isa = PBXVariantGroup;
			children = (
				90EA43202825860000178346 /* Base */,
			);
			name = Main.storyboard;
			sourceTree = "<group>";
		};
		90EA43242825860100178346 /* LaunchScreen.storyboard */ = {
			isa = PBXVariantGroup;
			children = (
				90EA43252825860100178346 /* Base */,
			);
			name = LaunchScreen.storyboard;
			sourceTree = "<group>";
		};
/* End PBXVariantGroup section */

/* Begin XCBuildConfiguration section */
		90EA43282825860100178346 /* Debug */ = {
			isa = XCBuildConfiguration;
			buildSettings = {
				ALWAYS_SEARCH_USER_PATHS = NO;
				CLANG_ANALYZER_NONNULL = YES;
				CLANG_ANALYZER_NUMBER_OBJECT_CONVERSION = YES_AGGRESSIVE;
				CLANG_CXX_LANGUAGE_STANDARD = "gnu++17";
				CLANG_ENABLE_MODULES = YES;
				CLANG_ENABLE_OBJC_ARC = YES;
				CLANG_ENABLE_OBJC_WEAK = YES;
				CLANG_WARN_BLOCK_CAPTURE_AUTORELEASING = YES;
				CLANG_WARN_BOOL_CONVERSION = YES;
				CLANG_WARN_COMMA = YES;
				CLANG_WARN_CONSTANT_CONVERSION = YES;
				CLANG_WARN_DEPRECATED_OBJC_IMPLEMENTATIONS = YES;
				CLANG_WARN_DIRECT_OBJC_ISA_USAGE = YES_ERROR;
				CLANG_WARN_DOCUMENTATION_COMMENTS = YES;
				CLANG_WARN_EMPTY_BODY = YES;
				CLANG_WARN_ENUM_CONVERSION = YES;
				CLANG_WARN_INFINITE_RECURSION = YES;
				CLANG_WARN_INT_CONVERSION = YES;
				CLANG_WARN_NON_LITERAL_NULL_CONVERSION = YES;
				CLANG_WARN_OBJC_IMPLICIT_RETAIN_SELF = YES;
				CLANG_WARN_OBJC_LITERAL_CONVERSION = YES;
				CLANG_WARN_OBJC_ROOT_CLASS = YES_ERROR;
				CLANG_WARN_QUOTED_INCLUDE_IN_FRAMEWORK_HEADER = YES;
				CLANG_WARN_RANGE_LOOP_ANALYSIS = YES;
				CLANG_WARN_STRICT_PROTOTYPES = YES;
				CLANG_WARN_SUSPICIOUS_MOVE = YES;
				CLANG_WARN_UNGUARDED_AVAILABILITY = YES_AGGRESSIVE;
				CLANG_WARN_UNREACHABLE_CODE = YES;
				CLANG_WARN__DUPLICATE_METHOD_MATCH = YES;
				COPY_PHASE_STRIP = NO;
				DEBUG_INFORMATION_FORMAT = dwarf;
				ENABLE_STRICT_OBJC_MSGSEND = YES;
				ENABLE_TESTABILITY = YES;
				GCC_C_LANGUAGE_STANDARD = gnu11;
				GCC_DYNAMIC_NO_PIC = NO;
				GCC_NO_COMMON_BLOCKS = YES;
				GCC_OPTIMIZATION_LEVEL = 0;
				GCC_PREPROCESSOR_DEFINITIONS = (
					"DEBUG=1",
					"$(inherited)",
				);
				GCC_WARN_64_TO_32_BIT_CONVERSION = YES;
				GCC_WARN_ABOUT_RETURN_TYPE = YES_ERROR;
				GCC_WARN_UNDECLARED_SELECTOR = YES;
				GCC_WARN_UNINITIALIZED_AUTOS = YES_AGGRESSIVE;
				GCC_WARN_UNUSED_FUNCTION = YES;
				GCC_WARN_UNUSED_VARIABLE = YES;
				IPHONEOS_DEPLOYMENT_TARGET = 15.4;
				MTL_ENABLE_DEBUG_INFO = INCLUDE_SOURCE;
				MTL_FAST_MATH = YES;
				ONLY_ACTIVE_ARCH = YES;
				SDKROOT = iphoneos;
				SWIFT_ACTIVE_COMPILATION_CONDITIONS = DEBUG;
				SWIFT_OPTIMIZATION_LEVEL = "-Onone";
			};
			name = Debug;
		};
		90EA43292825860100178346 /* Release */ = {
			isa = XCBuildConfiguration;
			buildSettings = {
				ALWAYS_SEARCH_USER_PATHS = NO;
				CLANG_ANALYZER_NONNULL = YES;
				CLANG_ANALYZER_NUMBER_OBJECT_CONVERSION = YES_AGGRESSIVE;
				CLANG_CXX_LANGUAGE_STANDARD = "gnu++17";
				CLANG_ENABLE_MODULES = YES;
				CLANG_ENABLE_OBJC_ARC = YES;
				CLANG_ENABLE_OBJC_WEAK = YES;
				CLANG_WARN_BLOCK_CAPTURE_AUTORELEASING = YES;
				CLANG_WARN_BOOL_CONVERSION = YES;
				CLANG_WARN_COMMA = YES;
				CLANG_WARN_CONSTANT_CONVERSION = YES;
				CLANG_WARN_DEPRECATED_OBJC_IMPLEMENTATIONS = YES;
				CLANG_WARN_DIRECT_OBJC_ISA_USAGE = YES_ERROR;
				CLANG_WARN_DOCUMENTATION_COMMENTS = YES;
				CLANG_WARN_EMPTY_BODY = YES;
				CLANG_WARN_ENUM_CONVERSION = YES;
				CLANG_WARN_INFINITE_RECURSION = YES;
				CLANG_WARN_INT_CONVERSION = YES;
				CLANG_WARN_NON_LITERAL_NULL_CONVERSION = YES;
				CLANG_WARN_OBJC_IMPLICIT_RETAIN_SELF = YES;
				CLANG_WARN_OBJC_LITERAL_CONVERSION = YES;
				CLANG_WARN_OBJC_ROOT_CLASS = YES_ERROR;
				CLANG_WARN_QUOTED_INCLUDE_IN_FRAMEWORK_HEADER = YES;
				CLANG_WARN_RANGE_LOOP_ANALYSIS = YES;
				CLANG_WARN_STRICT_PROTOTYPES = YES;
				CLANG_WARN_SUSPICIOUS_MOVE = YES;
				CLANG_WARN_UNGUARDED_AVAILABILITY = YES_AGGRESSIVE;
				CLANG_WARN_UNREACHABLE_CODE = YES;
				CLANG_WARN__DUPLICATE_METHOD_MATCH = YES;
				COPY_PHASE_STRIP = NO;
				DEBUG_INFORMATION_FORMAT = "dwarf-with-dsym";
				ENABLE_NS_ASSERTIONS = NO;
				ENABLE_STRICT_OBJC_MSGSEND = YES;
				GCC_C_LANGUAGE_STANDARD = gnu11;
				GCC_NO_COMMON_BLOCKS = YES;
				GCC_WARN_64_TO_32_BIT_CONVERSION = YES;
				GCC_WARN_ABOUT_RETURN_TYPE = YES_ERROR;
				GCC_WARN_UNDECLARED_SELECTOR = YES;
				GCC_WARN_UNINITIALIZED_AUTOS = YES_AGGRESSIVE;
				GCC_WARN_UNUSED_FUNCTION = YES;
				GCC_WARN_UNUSED_VARIABLE = YES;
				IPHONEOS_DEPLOYMENT_TARGET = 15.4;
				MTL_ENABLE_DEBUG_INFO = NO;
				MTL_FAST_MATH = YES;
				SDKROOT = iphoneos;
				SWIFT_COMPILATION_MODE = wholemodule;
				SWIFT_OPTIMIZATION_LEVEL = "-O";
				VALIDATE_PRODUCT = YES;
			};
			name = Release;
		};
		90EA432B2825860100178346 /* Debug */ = {
			isa = XCBuildConfiguration;
			buildSettings = {
				ASSETCATALOG_COMPILER_APPICON_NAME = AppIcon;
				ASSETCATALOG_COMPILER_GLOBAL_ACCENT_COLOR_NAME = AccentColor;
				CODE_SIGN_STYLE = Automatic;
				CURRENT_PROJECT_VERSION = 1;
				DEVELOPMENT_TEAM = BSRQGS458P;
				GENERATE_INFOPLIST_FILE = YES;
				INFOPLIST_FILE = "Data-Project/Info.plist";
				INFOPLIST_KEY_UIApplicationSupportsIndirectInputEvents = YES;
				INFOPLIST_KEY_UILaunchStoryboardName = LaunchScreen;
				INFOPLIST_KEY_UIMainStoryboardFile = Main;
				INFOPLIST_KEY_UISupportedInterfaceOrientations_iPad = "UIInterfaceOrientationPortrait UIInterfaceOrientationPortraitUpsideDown UIInterfaceOrientationLandscapeLeft UIInterfaceOrientationLandscapeRight";
				INFOPLIST_KEY_UISupportedInterfaceOrientations_iPhone = "UIInterfaceOrientationPortrait UIInterfaceOrientationLandscapeLeft UIInterfaceOrientationLandscapeRight";
				LD_RUNPATH_SEARCH_PATHS = (
					"$(inherited)",
					"@executable_path/Frameworks",
				);
				MARKETING_VERSION = 1.0;
				PRODUCT_BUNDLE_IDENTIFIER = "Lu.Data-Project";
				PRODUCT_NAME = "$(TARGET_NAME)";
				SWIFT_EMIT_LOC_STRINGS = YES;
				SWIFT_VERSION = 5.0;
				TARGETED_DEVICE_FAMILY = "1,2";
			};
			name = Debug;
		};
		90EA432C2825860100178346 /* Release */ = {
			isa = XCBuildConfiguration;
			buildSettings = {
				ASSETCATALOG_COMPILER_APPICON_NAME = AppIcon;
				ASSETCATALOG_COMPILER_GLOBAL_ACCENT_COLOR_NAME = AccentColor;
				CODE_SIGN_STYLE = Automatic;
				CURRENT_PROJECT_VERSION = 1;
				DEVELOPMENT_TEAM = BSRQGS458P;
				GENERATE_INFOPLIST_FILE = YES;
				INFOPLIST_FILE = "Data-Project/Info.plist";
				INFOPLIST_KEY_UIApplicationSupportsIndirectInputEvents = YES;
				INFOPLIST_KEY_UILaunchStoryboardName = LaunchScreen;
				INFOPLIST_KEY_UIMainStoryboardFile = Main;
				INFOPLIST_KEY_UISupportedInterfaceOrientations_iPad = "UIInterfaceOrientationPortrait UIInterfaceOrientationPortraitUpsideDown UIInterfaceOrientationLandscapeLeft UIInterfaceOrientationLandscapeRight";
				INFOPLIST_KEY_UISupportedInterfaceOrientations_iPhone = "UIInterfaceOrientationPortrait UIInterfaceOrientationLandscapeLeft UIInterfaceOrientationLandscapeRight";
				LD_RUNPATH_SEARCH_PATHS = (
					"$(inherited)",
					"@executable_path/Frameworks",
				);
				MARKETING_VERSION = 1.0;
				PRODUCT_BUNDLE_IDENTIFIER = "Lu.Data-Project";
				PRODUCT_NAME = "$(TARGET_NAME)";
				SWIFT_EMIT_LOC_STRINGS = YES;
				SWIFT_VERSION = 5.0;
				TARGETED_DEVICE_FAMILY = "1,2";
			};
			name = Release;
		};
/* End XCBuildConfiguration section */

/* Begin XCConfigurationList section */
		90EA43112825860000178346 /* Build configuration list for PBXProject "Data-Project" */ = {
			isa = XCConfigurationList;
			buildConfigurations = (
				90EA43282825860100178346 /* Debug */,
				90EA43292825860100178346 /* Release */,
			);
			defaultConfigurationIsVisible = 0;
			defaultConfigurationName = Release;
		};
		90EA432A2825860100178346 /* Build configuration list for PBXNativeTarget "Data-Project" */ = {
			isa = XCConfigurationList;
			buildConfigurations = (
				90EA432B2825860100178346 /* Debug */,
				90EA432C2825860100178346 /* Release */,
			);
			defaultConfigurationIsVisible = 0;
			defaultConfigurationName = Release;
		};
/* End XCConfigurationList section */
	};
	rootObject = 90EA430E2825860000178346 /* Project object */;
}
